
Microsoft Visual Studio Solution File, Format Version 12.00
# Visual Studio Version 16
VisualStudioVersion = 16.0.31105.61
MinimumVisualStudioVersion = 10.0.40219.1
Project("{9A19103F-16F7-4668-BE54-9A1E7A4F7556}") = "NetlogProject.Entity", "EFCoreNetlogProject.Entity\NetlogProject.Entity.csproj", "{F3ACB6E4-ED76-4186-B2ED-16C552A4CDE6}"
EndProject
Project("{FAE04EC0-301F-11D3-BF4B-00C04F79EFBC}") = "NetlogProject.WebApi", "NetlogProject.WebApi\NetlogProject.WebApi.csproj", "{985A696C-42FB-4AC6-9C50-12CA5338D0CE}"
EndProject
Project("{FAE04EC0-301F-11D3-BF4B-00C04F79EFBC}") = "NetlogProject.Business", "NetlogProject.Business\NetlogProject.Business.csproj", "{49B34E70-85CB-4A46-AE49-6A429AA54AA5}"
EndProject
Project("{FAE04EC0-301F-11D3-BF4B-00C04F79EFBC}") = "NetlogProject.Core", "NetlogProject.Core\NetlogProject.Core.csproj", "{F5E47F3E-33ED-4BCE-BA81-A305E981FC44}"
EndProject
Project("{FAE04EC0-301F-11D3-BF4B-00C04F79EFBC}") = "NetlogProject.Repository", "NetlogProject.Repository\NetlogProject.Repository.csproj", "{F01A2C35-2CF4-4AA1-89A3-7D93E261420F}"
EndProject
Global
	GlobalSection(SolutionConfigurationPlatforms) = preSolution
		Debug|Any CPU = Debug|Any CPU
		Release|Any CPU = Release|Any CPU
	EndGlobalSection
	GlobalSection(ProjectConfigurationPlatforms) = postSolution
		{F3ACB6E4-ED76-4186-B2ED-16C552A4CDE6}.Debug|Any CPU.ActiveCfg = Debug|Any CPU
		{F3ACB6E4-ED76-4186-B2ED-16C552A4CDE6}.Debug|Any CPU.Build.0 = Debug|Any CPU
		{F3ACB6E4-ED76-4186-B2ED-16C552A4CDE6}.Release|Any CPU.ActiveCfg = Release|Any CPU
		{F3ACB6E4-ED76-4186-B2ED-16C552A4CDE6}.Release|Any CPU.Build.0 = Release|Any CPU
		{985A696C-42FB-4AC6-9C50-12CA5338D0CE}.Debug|Any CPU.ActiveCfg = Debug|Any CPU
		{985A696C-42FB-4AC6-9C50-12CA5338D0CE}.Debug|Any CPU.Build.0 = Debug|Any CPU
		{985A696C-42FB-4AC6-9C50-12CA5338D0CE}.Release|Any CPU.ActiveCfg = Release|Any CPU
		{985A696C-42FB-4AC6-9C50-12CA5338D0CE}.Release|Any CPU.Build.0 = Release|Any CPU
		{49B34E70-85CB-4A46-AE49-6A429AA54AA5}.Debug|Any CPU.ActiveCfg = Debug|Any CPU
		{49B34E70-85CB-4A46-AE49-6A429AA54AA5}.Debug|Any CPU.Build.0 = Debug|Any CPU
		{49B34E70-85CB-4A46-AE49-6A429AA54AA5}.Release|Any CPU.ActiveCfg = Release|Any CPU
		{49B34E70-85CB-4A46-AE49-6A429AA54AA5}.Release|Any CPU.Build.0 = Release|Any CPU
		{F5E47F3E-33ED-4BCE-BA81-A305E981FC44}.Debug|Any CPU.ActiveCfg = Debug|Any CPU
		{F5E47F3E-33ED-4BCE-BA81-A305E981FC44}.Debug|Any CPU.Build.0 = Debug|Any CPU
		{F5E47F3E-33ED-4BCE-BA81-A305E981FC44}.Release|Any CPU.ActiveCfg = Release|Any CPU
		{F5E47F3E-33ED-4BCE-BA81-A305E981FC44}.Release|Any CPU.Build.0 = Release|Any CPU
		{F01A2C35-2CF4-4AA1-89A3-7D93E261420F}.Debug|Any CPU.ActiveCfg = Debug|Any CPU
		{F01A2C35-2CF4-4AA1-89A3-7D93E261420F}.Debug|Any CPU.Build.0 = Debug|Any CPU
		{F01A2C35-2CF4-4AA1-89A3-7D93E261420F}.Release|Any CPU.ActiveCfg = Release|Any CPU
		{F01A2C35-2CF4-4AA1-89A3-7D93E261420F}.Release|Any CPU.Build.0 = Release|Any CPU
	EndGlobalSection
	GlobalSection(SolutionProperties) = preSolution
		HideSolutionNode = FALSE
	EndGlobalSection
	GlobalSection(ExtensibilityGlobals) = postSolution
		SolutionGuid = {06D9F9FA-8251-4B96-8899-2A251AC2709E}
	EndGlobalSection
EndGlobal
